
Microsoft Visual Studio Solution File, Format Version 12.00
# Visual Studio Version 17
VisualStudioVersion = 17.7.34018.315
MinimumVisualStudioVersion = 10.0.40219.1
Project("{FAE04EC0-301F-11D3-BF4B-00C04F79EFBC}") = "Exercise 7", "Exercise 7\Exercise 7.csproj", "{0673FAE6-320E-4977-A0AA-14563E444595}"
EndProject
Global
	GlobalSection(SolutionConfigurationPlatforms) = preSolution
		Debug|Any CPU = Debug|Any CPU
		Release|Any CPU = Release|Any CPU
	EndGlobalSection
	GlobalSection(ProjectConfigurationPlatforms) = postSolution
		{0673FAE6-320E-4977-A0AA-14563E444595}.Debug|Any CPU.ActiveCfg = Debug|Any CPU
		{0673FAE6-320E-4977-A0AA-14563E444595}.Debug|Any CPU.Build.0 = Debug|Any CPU
		{0673FAE6-320E-4977-A0AA-14563E444595}.Release|Any CPU.ActiveCfg = Release|Any CPU
		{0673FAE6-320E-4977-A0AA-14563E444595}.Release|Any CPU.Build.0 = Release|Any CPU
	EndGlobalSection
	GlobalSection(SolutionProperties) = preSolution
		HideSolutionNode = FALSE
	EndGlobalSection
	GlobalSection(ExtensibilityGlobals) = postSolution
		SolutionGuid = {4A5AE5FB-6775-4D98-9C70-206277300F23}
	EndGlobalSection
EndGlobal
